
Microsoft Visual Studio Solution File, Format Version 12.00
# Visual Studio Version 17
VisualStudioVersion = 17.12.35527.113 d17.12
MinimumVisualStudioVersion = 10.0.40219.1
Project("{8BC9CEB8-8B4A-11D0-8D11-00A0C91BC942}") = "UniquePtr", "UniquePtr\UniquePtr.vcxproj", "{47F94FCD-C8C7-437E-B902-C06F02827F3E}"
EndProject
Project("{8BC9CEB8-8B4A-11D0-8D11-00A0C91BC942}") = "SharedPtr", "SharedPtr\SharedPtr.vcxproj", "{D0DD3487-72AB-46D1-AE35-DDE03772A611}"
EndProject
Global
	GlobalSection(SolutionConfigurationPlatforms) = preSolution
		Debug|x64 = Debug|x64
		Debug|x86 = Debug|x86
		Release|x64 = Release|x64
		Release|x86 = Release|x86
	EndGlobalSection
	GlobalSection(ProjectConfigurationPlatforms) = postSolution
		{47F94FCD-C8C7-437E-B902-C06F02827F3E}.Debug|x64.ActiveCfg = Debug|x64
		{47F94FCD-C8C7-437E-B902-C06F02827F3E}.Debug|x64.Build.0 = Debug|x64
		{47F94FCD-C8C7-437E-B902-C06F02827F3E}.Debug|x86.ActiveCfg = Debug|Win32
		{47F94FCD-C8C7-437E-B902-C06F02827F3E}.Debug|x86.Build.0 = Debug|Win32
		{47F94FCD-C8C7-437E-B902-C06F02827F3E}.Release|x64.ActiveCfg = Release|x64
		{47F94FCD-C8C7-437E-B902-C06F02827F3E}.Release|x64.Build.0 = Release|x64
		{47F94FCD-C8C7-437E-B902-C06F02827F3E}.Release|x86.ActiveCfg = Release|Win32
		{47F94FCD-C8C7-437E-B902-C06F02827F3E}.Release|x86.Build.0 = Release|Win32
		{D0DD3487-72AB-46D1-AE35-DDE03772A611}.Debug|x64.ActiveCfg = Debug|x64
		{D0DD3487-72AB-46D1-AE35-DDE03772A611}.Debug|x64.Build.0 = Debug|x64
		{D0DD3487-72AB-46D1-AE35-DDE03772A611}.Debug|x86.ActiveCfg = Debug|Win32
		{D0DD3487-72AB-46D1-AE35-DDE03772A611}.Debug|x86.Build.0 = Debug|Win32
		{D0DD3487-72AB-46D1-AE35-DDE03772A611}.Release|x64.ActiveCfg = Release|x64
		{D0DD3487-72AB-46D1-AE35-DDE03772A611}.Release|x64.Build.0 = Release|x64
		{D0DD3487-72AB-46D1-AE35-DDE03772A611}.Release|x86.ActiveCfg = Release|Win32
		{D0DD3487-72AB-46D1-AE35-DDE03772A611}.Release|x86.Build.0 = Release|Win32
	EndGlobalSection
	GlobalSection(SolutionProperties) = preSolution
		HideSolutionNode = FALSE
	EndGlobalSection
EndGlobal
