
Microsoft Visual Studio Solution File, Format Version 12.00
# Visual Studio Version 17
VisualStudioVersion = 17.12.35527.113
MinimumVisualStudioVersion = 10.0.40219.1
Project("{8BC9CEB8-8B4A-11D0-8D11-00A0C91BC942}") = "DynamicCast", "DynamicCast\DynamicCast.vcxproj", "{0F380D2B-693C-491C-A425-2B1B7E91E65D}"
EndProject
Project("{8BC9CEB8-8B4A-11D0-8D11-00A0C91BC942}") = "Template", "Template\Template.vcxproj", "{2F10D9E6-A118-4BF5-B9E2-0622EF904372}"
EndProject
Project("{8BC9CEB8-8B4A-11D0-8D11-00A0C91BC942}") = "ClassTemplate", "ClassTemplate\ClassTemplate.vcxproj", "{4B154244-44F8-4E30-AC58-20272528C992}"
EndProject
Global
	GlobalSection(SolutionConfigurationPlatforms) = preSolution
		Debug|x64 = Debug|x64
		Debug|x86 = Debug|x86
		Release|x64 = Release|x64
		Release|x86 = Release|x86
	EndGlobalSection
	GlobalSection(ProjectConfigurationPlatforms) = postSolution
		{0F380D2B-693C-491C-A425-2B1B7E91E65D}.Debug|x64.ActiveCfg = Debug|x64
		{0F380D2B-693C-491C-A425-2B1B7E91E65D}.Debug|x64.Build.0 = Debug|x64
		{0F380D2B-693C-491C-A425-2B1B7E91E65D}.Debug|x86.ActiveCfg = Debug|Win32
		{0F380D2B-693C-491C-A425-2B1B7E91E65D}.Debug|x86.Build.0 = Debug|Win32
		{0F380D2B-693C-491C-A425-2B1B7E91E65D}.Release|x64.ActiveCfg = Release|x64
		{0F380D2B-693C-491C-A425-2B1B7E91E65D}.Release|x64.Build.0 = Release|x64
		{0F380D2B-693C-491C-A425-2B1B7E91E65D}.Release|x86.ActiveCfg = Release|Win32
		{0F380D2B-693C-491C-A425-2B1B7E91E65D}.Release|x86.Build.0 = Release|Win32
		{2F10D9E6-A118-4BF5-B9E2-0622EF904372}.Debug|x64.ActiveCfg = Debug|x64
		{2F10D9E6-A118-4BF5-B9E2-0622EF904372}.Debug|x64.Build.0 = Debug|x64
		{2F10D9E6-A118-4BF5-B9E2-0622EF904372}.Debug|x86.ActiveCfg = Debug|Win32
		{2F10D9E6-A118-4BF5-B9E2-0622EF904372}.Debug|x86.Build.0 = Debug|Win32
		{2F10D9E6-A118-4BF5-B9E2-0622EF904372}.Release|x64.ActiveCfg = Release|x64
		{2F10D9E6-A118-4BF5-B9E2-0622EF904372}.Release|x64.Build.0 = Release|x64
		{2F10D9E6-A118-4BF5-B9E2-0622EF904372}.Release|x86.ActiveCfg = Release|Win32
		{2F10D9E6-A118-4BF5-B9E2-0622EF904372}.Release|x86.Build.0 = Release|Win32
		{4B154244-44F8-4E30-AC58-20272528C992}.Debug|x64.ActiveCfg = Debug|x64
		{4B154244-44F8-4E30-AC58-20272528C992}.Debug|x64.Build.0 = Debug|x64
		{4B154244-44F8-4E30-AC58-20272528C992}.Debug|x86.ActiveCfg = Debug|Win32
		{4B154244-44F8-4E30-AC58-20272528C992}.Debug|x86.Build.0 = Debug|Win32
		{4B154244-44F8-4E30-AC58-20272528C992}.Release|x64.ActiveCfg = Release|x64
		{4B154244-44F8-4E30-AC58-20272528C992}.Release|x64.Build.0 = Release|x64
		{4B154244-44F8-4E30-AC58-20272528C992}.Release|x86.ActiveCfg = Release|Win32
		{4B154244-44F8-4E30-AC58-20272528C992}.Release|x86.Build.0 = Release|Win32
	EndGlobalSection
	GlobalSection(SolutionProperties) = preSolution
		HideSolutionNode = FALSE
	EndGlobalSection
EndGlobal
