
Microsoft Visual Studio Solution File, Format Version 12.00
# Visual Studio Version 17
VisualStudioVersion = 17.12.35527.113
MinimumVisualStudioVersion = 10.0.40219.1
Project("{8BC9CEB8-8B4A-11D0-8D11-00A0C91BC942}") = "1.Array", "1.Array\1.Array.vcxproj", "{5FFB5D82-0907-44E7-A6D4-1D513B17B4BB}"
EndProject
Project("{8BC9CEB8-8B4A-11D0-8D11-00A0C91BC942}") = "2.List", "2.List\2.List.vcxproj", "{D0B9F40D-542B-465F-AB94-F0FA7B961EA5}"
EndProject
Project("{8BC9CEB8-8B4A-11D0-8D11-00A0C91BC942}") = "3.LinkedList", "3.LinkedList\3.LinkedList.vcxproj", "{EF51A291-4C89-407E-8D5A-D4215C815EC2}"
EndProject
Project("{8BC9CEB8-8B4A-11D0-8D11-00A0C91BC942}") = "4.TemplateLinkedList", "4.TemplateLinkedList\4.TemplateLinkedList.vcxproj", "{2B866EB5-340D-41CC-8011-86A75CEF89CA}"
EndProject
Project("{8BC9CEB8-8B4A-11D0-8D11-00A0C91BC942}") = "5.DoubleLinkedList", "5.DoubleLinkedList\5.DoubleLinkedList.vcxproj", "{2D67A497-F4E8-45BA-8C93-BD4DF1350331}"
EndProject
Project("{8BC9CEB8-8B4A-11D0-8D11-00A0C91BC942}") = "6.ExpStack", "6.ExpStack\6.ExpStack.vcxproj", "{096C1749-7640-443A-AA0A-95CDB09FCADD}"
EndProject
Project("{8BC9CEB8-8B4A-11D0-8D11-00A0C91BC942}") = "7.TemplateStack", "7.TemplateStack\7.TemplateStack.vcxproj", "{8605603D-58D4-47F3-A291-4131B75B4863}"
EndProject
Project("{8BC9CEB8-8B4A-11D0-8D11-00A0C91BC942}") = "8.Random", "8.Random\8.Random.vcxproj", "{6AF773F7-5EB7-4EC5-8385-B07C714FA08C}"
EndProject
Project("{8BC9CEB8-8B4A-11D0-8D11-00A0C91BC942}") = "9.StackMaze", "9.StackMaze\9.StackMaze.vcxproj", "{FA81526A-BB38-4FD8-A12B-F04FD450535B}"
EndProject
Project("{8BC9CEB8-8B4A-11D0-8D11-00A0C91BC942}") = "10.Queue", "10.Queue\10.Queue.vcxproj", "{BA63FCAA-A576-46DC-8A31-11628DB0E5BA}"
EndProject
Project("{8BC9CEB8-8B4A-11D0-8D11-00A0C91BC942}") = "11.TemplateQueue", "11.TemplateQueue\11.TemplateQueue.vcxproj", "{6896C85F-290E-44A7-BCFF-ECAEA8DC9260}"
EndProject
Project("{8BC9CEB8-8B4A-11D0-8D11-00A0C91BC942}") = "12.QueueMaze", "12.QueueMaze\12.QueueMaze.vcxproj", "{26192352-1AAA-4111-8A0A-1C4DDD0A0DC9}"
EndProject
Project("{8BC9CEB8-8B4A-11D0-8D11-00A0C91BC942}") = "13.HashTable", "13.HashTable\13.HashTable.vcxproj", "{4CD96DA4-D101-4A25-8EB1-1227F7161A2F}"
EndProject
Project("{8BC9CEB8-8B4A-11D0-8D11-00A0C91BC942}") = "14.Tree", "14.Tree\14.Tree.vcxproj", "{2849C735-1152-491E-B814-E050CE7596A2}"
EndProject
Global
	GlobalSection(SolutionConfigurationPlatforms) = preSolution
		Debug|x64 = Debug|x64
		Debug|x86 = Debug|x86
		Release|x64 = Release|x64
		Release|x86 = Release|x86
	EndGlobalSection
	GlobalSection(ProjectConfigurationPlatforms) = postSolution
		{5FFB5D82-0907-44E7-A6D4-1D513B17B4BB}.Debug|x64.ActiveCfg = Debug|x64
		{5FFB5D82-0907-44E7-A6D4-1D513B17B4BB}.Debug|x64.Build.0 = Debug|x64
		{5FFB5D82-0907-44E7-A6D4-1D513B17B4BB}.Debug|x86.ActiveCfg = Debug|Win32
		{5FFB5D82-0907-44E7-A6D4-1D513B17B4BB}.Debug|x86.Build.0 = Debug|Win32
		{5FFB5D82-0907-44E7-A6D4-1D513B17B4BB}.Release|x64.ActiveCfg = Release|x64
		{5FFB5D82-0907-44E7-A6D4-1D513B17B4BB}.Release|x64.Build.0 = Release|x64
		{5FFB5D82-0907-44E7-A6D4-1D513B17B4BB}.Release|x86.ActiveCfg = Release|Win32
		{5FFB5D82-0907-44E7-A6D4-1D513B17B4BB}.Release|x86.Build.0 = Release|Win32
		{D0B9F40D-542B-465F-AB94-F0FA7B961EA5}.Debug|x64.ActiveCfg = Debug|x64
		{D0B9F40D-542B-465F-AB94-F0FA7B961EA5}.Debug|x64.Build.0 = Debug|x64
		{D0B9F40D-542B-465F-AB94-F0FA7B961EA5}.Debug|x86.ActiveCfg = Debug|Win32
		{D0B9F40D-542B-465F-AB94-F0FA7B961EA5}.Debug|x86.Build.0 = Debug|Win32
		{D0B9F40D-542B-465F-AB94-F0FA7B961EA5}.Release|x64.ActiveCfg = Release|x64
		{D0B9F40D-542B-465F-AB94-F0FA7B961EA5}.Release|x64.Build.0 = Release|x64
		{D0B9F40D-542B-465F-AB94-F0FA7B961EA5}.Release|x86.ActiveCfg = Release|Win32
		{D0B9F40D-542B-465F-AB94-F0FA7B961EA5}.Release|x86.Build.0 = Release|Win32
		{EF51A291-4C89-407E-8D5A-D4215C815EC2}.Debug|x64.ActiveCfg = Debug|x64
		{EF51A291-4C89-407E-8D5A-D4215C815EC2}.Debug|x64.Build.0 = Debug|x64
		{EF51A291-4C89-407E-8D5A-D4215C815EC2}.Debug|x86.ActiveCfg = Debug|Win32
		{EF51A291-4C89-407E-8D5A-D4215C815EC2}.Debug|x86.Build.0 = Debug|Win32
		{EF51A291-4C89-407E-8D5A-D4215C815EC2}.Release|x64.ActiveCfg = Release|x64
		{EF51A291-4C89-407E-8D5A-D4215C815EC2}.Release|x64.Build.0 = Release|x64
		{EF51A291-4C89-407E-8D5A-D4215C815EC2}.Release|x86.ActiveCfg = Release|Win32
		{EF51A291-4C89-407E-8D5A-D4215C815EC2}.Release|x86.Build.0 = Release|Win32
		{2B866EB5-340D-41CC-8011-86A75CEF89CA}.Debug|x64.ActiveCfg = Debug|x64
		{2B866EB5-340D-41CC-8011-86A75CEF89CA}.Debug|x64.Build.0 = Debug|x64
		{2B866EB5-340D-41CC-8011-86A75CEF89CA}.Debug|x86.ActiveCfg = Debug|Win32
		{2B866EB5-340D-41CC-8011-86A75CEF89CA}.Debug|x86.Build.0 = Debug|Win32
		{2B866EB5-340D-41CC-8011-86A75CEF89CA}.Release|x64.ActiveCfg = Release|x64
		{2B866EB5-340D-41CC-8011-86A75CEF89CA}.Release|x64.Build.0 = Release|x64
		{2B866EB5-340D-41CC-8011-86A75CEF89CA}.Release|x86.ActiveCfg = Release|Win32
		{2B866EB5-340D-41CC-8011-86A75CEF89CA}.Release|x86.Build.0 = Release|Win32
		{2D67A497-F4E8-45BA-8C93-BD4DF1350331}.Debug|x64.ActiveCfg = Debug|x64
		{2D67A497-F4E8-45BA-8C93-BD4DF1350331}.Debug|x64.Build.0 = Debug|x64
		{2D67A497-F4E8-45BA-8C93-BD4DF1350331}.Debug|x86.ActiveCfg = Debug|Win32
		{2D67A497-F4E8-45BA-8C93-BD4DF1350331}.Debug|x86.Build.0 = Debug|Win32
		{2D67A497-F4E8-45BA-8C93-BD4DF1350331}.Release|x64.ActiveCfg = Release|x64
		{2D67A497-F4E8-45BA-8C93-BD4DF1350331}.Release|x64.Build.0 = Release|x64
		{2D67A497-F4E8-45BA-8C93-BD4DF1350331}.Release|x86.ActiveCfg = Release|Win32
		{2D67A497-F4E8-45BA-8C93-BD4DF1350331}.Release|x86.Build.0 = Release|Win32
		{096C1749-7640-443A-AA0A-95CDB09FCADD}.Debug|x64.ActiveCfg = Debug|x64
		{096C1749-7640-443A-AA0A-95CDB09FCADD}.Debug|x64.Build.0 = Debug|x64
		{096C1749-7640-443A-AA0A-95CDB09FCADD}.Debug|x86.ActiveCfg = Debug|Win32
		{096C1749-7640-443A-AA0A-95CDB09FCADD}.Debug|x86.Build.0 = Debug|Win32
		{096C1749-7640-443A-AA0A-95CDB09FCADD}.Release|x64.ActiveCfg = Release|x64
		{096C1749-7640-443A-AA0A-95CDB09FCADD}.Release|x64.Build.0 = Release|x64
		{096C1749-7640-443A-AA0A-95CDB09FCADD}.Release|x86.ActiveCfg = Release|Win32
		{096C1749-7640-443A-AA0A-95CDB09FCADD}.Release|x86.Build.0 = Release|Win32
		{8605603D-58D4-47F3-A291-4131B75B4863}.Debug|x64.ActiveCfg = Debug|x64
		{8605603D-58D4-47F3-A291-4131B75B4863}.Debug|x64.Build.0 = Debug|x64
		{8605603D-58D4-47F3-A291-4131B75B4863}.Debug|x86.ActiveCfg = Debug|Win32
		{8605603D-58D4-47F3-A291-4131B75B4863}.Debug|x86.Build.0 = Debug|Win32
		{8605603D-58D4-47F3-A291-4131B75B4863}.Release|x64.ActiveCfg = Release|x64
		{8605603D-58D4-47F3-A291-4131B75B4863}.Release|x64.Build.0 = Release|x64
		{8605603D-58D4-47F3-A291-4131B75B4863}.Release|x86.ActiveCfg = Release|Win32
		{8605603D-58D4-47F3-A291-4131B75B4863}.Release|x86.Build.0 = Release|Win32
		{6AF773F7-5EB7-4EC5-8385-B07C714FA08C}.Debug|x64.ActiveCfg = Debug|x64
		{6AF773F7-5EB7-4EC5-8385-B07C714FA08C}.Debug|x64.Build.0 = Debug|x64
		{6AF773F7-5EB7-4EC5-8385-B07C714FA08C}.Debug|x86.ActiveCfg = Debug|Win32
		{6AF773F7-5EB7-4EC5-8385-B07C714FA08C}.Debug|x86.Build.0 = Debug|Win32
		{6AF773F7-5EB7-4EC5-8385-B07C714FA08C}.Release|x64.ActiveCfg = Release|x64
		{6AF773F7-5EB7-4EC5-8385-B07C714FA08C}.Release|x64.Build.0 = Release|x64
		{6AF773F7-5EB7-4EC5-8385-B07C714FA08C}.Release|x86.ActiveCfg = Release|Win32
		{6AF773F7-5EB7-4EC5-8385-B07C714FA08C}.Release|x86.Build.0 = Release|Win32
		{FA81526A-BB38-4FD8-A12B-F04FD450535B}.Debug|x64.ActiveCfg = Debug|x64
		{FA81526A-BB38-4FD8-A12B-F04FD450535B}.Debug|x64.Build.0 = Debug|x64
		{FA81526A-BB38-4FD8-A12B-F04FD450535B}.Debug|x86.ActiveCfg = Debug|Win32
		{FA81526A-BB38-4FD8-A12B-F04FD450535B}.Debug|x86.Build.0 = Debug|Win32
		{FA81526A-BB38-4FD8-A12B-F04FD450535B}.Release|x64.ActiveCfg = Release|x64
		{FA81526A-BB38-4FD8-A12B-F04FD450535B}.Release|x64.Build.0 = Release|x64
		{FA81526A-BB38-4FD8-A12B-F04FD450535B}.Release|x86.ActiveCfg = Release|Win32
		{FA81526A-BB38-4FD8-A12B-F04FD450535B}.Release|x86.Build.0 = Release|Win32
		{BA63FCAA-A576-46DC-8A31-11628DB0E5BA}.Debug|x64.ActiveCfg = Debug|x64
		{BA63FCAA-A576-46DC-8A31-11628DB0E5BA}.Debug|x64.Build.0 = Debug|x64
		{BA63FCAA-A576-46DC-8A31-11628DB0E5BA}.Debug|x86.ActiveCfg = Debug|Win32
		{BA63FCAA-A576-46DC-8A31-11628DB0E5BA}.Debug|x86.Build.0 = Debug|Win32
		{BA63FCAA-A576-46DC-8A31-11628DB0E5BA}.Release|x64.ActiveCfg = Release|x64
		{BA63FCAA-A576-46DC-8A31-11628DB0E5BA}.Release|x64.Build.0 = Release|x64
		{BA63FCAA-A576-46DC-8A31-11628DB0E5BA}.Release|x86.ActiveCfg = Release|Win32
		{BA63FCAA-A576-46DC-8A31-11628DB0E5BA}.Release|x86.Build.0 = Release|Win32
		{6896C85F-290E-44A7-BCFF-ECAEA8DC9260}.Debug|x64.ActiveCfg = Debug|x64
		{6896C85F-290E-44A7-BCFF-ECAEA8DC9260}.Debug|x64.Build.0 = Debug|x64
		{6896C85F-290E-44A7-BCFF-ECAEA8DC9260}.Debug|x86.ActiveCfg = Debug|Win32
		{6896C85F-290E-44A7-BCFF-ECAEA8DC9260}.Debug|x86.Build.0 = Debug|Win32
		{6896C85F-290E-44A7-BCFF-ECAEA8DC9260}.Release|x64.ActiveCfg = Release|x64
		{6896C85F-290E-44A7-BCFF-ECAEA8DC9260}.Release|x64.Build.0 = Release|x64
		{6896C85F-290E-44A7-BCFF-ECAEA8DC9260}.Release|x86.ActiveCfg = Release|Win32
		{6896C85F-290E-44A7-BCFF-ECAEA8DC9260}.Release|x86.Build.0 = Release|Win32
		{26192352-1AAA-4111-8A0A-1C4DDD0A0DC9}.Debug|x64.ActiveCfg = Debug|x64
		{26192352-1AAA-4111-8A0A-1C4DDD0A0DC9}.Debug|x64.Build.0 = Debug|x64
		{26192352-1AAA-4111-8A0A-1C4DDD0A0DC9}.Debug|x86.ActiveCfg = Debug|Win32
		{26192352-1AAA-4111-8A0A-1C4DDD0A0DC9}.Debug|x86.Build.0 = Debug|Win32
		{26192352-1AAA-4111-8A0A-1C4DDD0A0DC9}.Release|x64.ActiveCfg = Release|x64
		{26192352-1AAA-4111-8A0A-1C4DDD0A0DC9}.Release|x64.Build.0 = Release|x64
		{26192352-1AAA-4111-8A0A-1C4DDD0A0DC9}.Release|x86.ActiveCfg = Release|Win32
		{26192352-1AAA-4111-8A0A-1C4DDD0A0DC9}.Release|x86.Build.0 = Release|Win32
		{4CD96DA4-D101-4A25-8EB1-1227F7161A2F}.Debug|x64.ActiveCfg = Debug|x64
		{4CD96DA4-D101-4A25-8EB1-1227F7161A2F}.Debug|x64.Build.0 = Debug|x64
		{4CD96DA4-D101-4A25-8EB1-1227F7161A2F}.Debug|x86.ActiveCfg = Debug|Win32
		{4CD96DA4-D101-4A25-8EB1-1227F7161A2F}.Debug|x86.Build.0 = Debug|Win32
		{4CD96DA4-D101-4A25-8EB1-1227F7161A2F}.Release|x64.ActiveCfg = Release|x64
		{4CD96DA4-D101-4A25-8EB1-1227F7161A2F}.Release|x64.Build.0 = Release|x64
		{4CD96DA4-D101-4A25-8EB1-1227F7161A2F}.Release|x86.ActiveCfg = Release|Win32
		{4CD96DA4-D101-4A25-8EB1-1227F7161A2F}.Release|x86.Build.0 = Release|Win32
		{2849C735-1152-491E-B814-E050CE7596A2}.Debug|x64.ActiveCfg = Debug|x64
		{2849C735-1152-491E-B814-E050CE7596A2}.Debug|x64.Build.0 = Debug|x64
		{2849C735-1152-491E-B814-E050CE7596A2}.Debug|x86.ActiveCfg = Debug|Win32
		{2849C735-1152-491E-B814-E050CE7596A2}.Debug|x86.Build.0 = Debug|Win32
		{2849C735-1152-491E-B814-E050CE7596A2}.Release|x64.ActiveCfg = Release|x64
		{2849C735-1152-491E-B814-E050CE7596A2}.Release|x64.Build.0 = Release|x64
		{2849C735-1152-491E-B814-E050CE7596A2}.Release|x86.ActiveCfg = Release|Win32
		{2849C735-1152-491E-B814-E050CE7596A2}.Release|x86.Build.0 = Release|Win32
	EndGlobalSection
	GlobalSection(SolutionProperties) = preSolution
		HideSolutionNode = FALSE
	EndGlobalSection
EndGlobal
