
Microsoft Visual Studio Solution File, Format Version 12.00
# Visual Studio Version 17
VisualStudioVersion = 17.12.35527.113
MinimumVisualStudioVersion = 10.0.40219.1
Project("{8BC9CEB8-8B4A-11D0-8D11-00A0C91BC942}") = "1.Array", "1.Array\1.Array.vcxproj", "{5FFB5D82-0907-44E7-A6D4-1D513B17B4BB}"
EndProject
Project("{8BC9CEB8-8B4A-11D0-8D11-00A0C91BC942}") = "2.List", "2.List\2.List.vcxproj", "{D0B9F40D-542B-465F-AB94-F0FA7B961EA5}"
EndProject
Project("{8BC9CEB8-8B4A-11D0-8D11-00A0C91BC942}") = "3.LinkedList", "3.LinkedList\3.LinkedList.vcxproj", "{EF51A291-4C89-407E-8D5A-D4215C815EC2}"
EndProject
Project("{8BC9CEB8-8B4A-11D0-8D11-00A0C91BC942}") = "4.TemplateLinkedList", "4.TemplateLinkedList\4.TemplateLinkedList.vcxproj", "{2B866EB5-340D-41CC-8011-86A75CEF89CA}"
EndProject
Project("{8BC9CEB8-8B4A-11D0-8D11-00A0C91BC942}") = "5.DoubleLinkedList", "5.DoubleLinkedList\5.DoubleLinkedList.vcxproj", "{2D67A497-F4E8-45BA-8C93-BD4DF1350331}"
EndProject
Global
	GlobalSection(SolutionConfigurationPlatforms) = preSolution
		Debug|x64 = Debug|x64
		Debug|x86 = Debug|x86
		Release|x64 = Release|x64
		Release|x86 = Release|x86
	EndGlobalSection
	GlobalSection(ProjectConfigurationPlatforms) = postSolution
		{5FFB5D82-0907-44E7-A6D4-1D513B17B4BB}.Debug|x64.ActiveCfg = Debug|x64
		{5FFB5D82-0907-44E7-A6D4-1D513B17B4BB}.Debug|x64.Build.0 = Debug|x64
		{5FFB5D82-0907-44E7-A6D4-1D513B17B4BB}.Debug|x86.ActiveCfg = Debug|Win32
		{5FFB5D82-0907-44E7-A6D4-1D513B17B4BB}.Debug|x86.Build.0 = Debug|Win32
		{5FFB5D82-0907-44E7-A6D4-1D513B17B4BB}.Release|x64.ActiveCfg = Release|x64
		{5FFB5D82-0907-44E7-A6D4-1D513B17B4BB}.Release|x64.Build.0 = Release|x64
		{5FFB5D82-0907-44E7-A6D4-1D513B17B4BB}.Release|x86.ActiveCfg = Release|Win32
		{5FFB5D82-0907-44E7-A6D4-1D513B17B4BB}.Release|x86.Build.0 = Release|Win32
		{D0B9F40D-542B-465F-AB94-F0FA7B961EA5}.Debug|x64.ActiveCfg = Debug|x64
		{D0B9F40D-542B-465F-AB94-F0FA7B961EA5}.Debug|x64.Build.0 = Debug|x64
		{D0B9F40D-542B-465F-AB94-F0FA7B961EA5}.Debug|x86.ActiveCfg = Debug|Win32
		{D0B9F40D-542B-465F-AB94-F0FA7B961EA5}.Debug|x86.Build.0 = Debug|Win32
		{D0B9F40D-542B-465F-AB94-F0FA7B961EA5}.Release|x64.ActiveCfg = Release|x64
		{D0B9F40D-542B-465F-AB94-F0FA7B961EA5}.Release|x64.Build.0 = Release|x64
		{D0B9F40D-542B-465F-AB94-F0FA7B961EA5}.Release|x86.ActiveCfg = Release|Win32
		{D0B9F40D-542B-465F-AB94-F0FA7B961EA5}.Release|x86.Build.0 = Release|Win32
		{EF51A291-4C89-407E-8D5A-D4215C815EC2}.Debug|x64.ActiveCfg = Debug|x64
		{EF51A291-4C89-407E-8D5A-D4215C815EC2}.Debug|x64.Build.0 = Debug|x64
		{EF51A291-4C89-407E-8D5A-D4215C815EC2}.Debug|x86.ActiveCfg = Debug|Win32
		{EF51A291-4C89-407E-8D5A-D4215C815EC2}.Debug|x86.Build.0 = Debug|Win32
		{EF51A291-4C89-407E-8D5A-D4215C815EC2}.Release|x64.ActiveCfg = Release|x64
		{EF51A291-4C89-407E-8D5A-D4215C815EC2}.Release|x64.Build.0 = Release|x64
		{EF51A291-4C89-407E-8D5A-D4215C815EC2}.Release|x86.ActiveCfg = Release|Win32
		{EF51A291-4C89-407E-8D5A-D4215C815EC2}.Release|x86.Build.0 = Release|Win32
		{2B866EB5-340D-41CC-8011-86A75CEF89CA}.Debug|x64.ActiveCfg = Debug|x64
		{2B866EB5-340D-41CC-8011-86A75CEF89CA}.Debug|x64.Build.0 = Debug|x64
		{2B866EB5-340D-41CC-8011-86A75CEF89CA}.Debug|x86.ActiveCfg = Debug|Win32
		{2B866EB5-340D-41CC-8011-86A75CEF89CA}.Debug|x86.Build.0 = Debug|Win32
		{2B866EB5-340D-41CC-8011-86A75CEF89CA}.Release|x64.ActiveCfg = Release|x64
		{2B866EB5-340D-41CC-8011-86A75CEF89CA}.Release|x64.Build.0 = Release|x64
		{2B866EB5-340D-41CC-8011-86A75CEF89CA}.Release|x86.ActiveCfg = Release|Win32
		{2B866EB5-340D-41CC-8011-86A75CEF89CA}.Release|x86.Build.0 = Release|Win32
		{2D67A497-F4E8-45BA-8C93-BD4DF1350331}.Debug|x64.ActiveCfg = Debug|x64
		{2D67A497-F4E8-45BA-8C93-BD4DF1350331}.Debug|x64.Build.0 = Debug|x64
		{2D67A497-F4E8-45BA-8C93-BD4DF1350331}.Debug|x86.ActiveCfg = Debug|Win32
		{2D67A497-F4E8-45BA-8C93-BD4DF1350331}.Debug|x86.Build.0 = Debug|Win32
		{2D67A497-F4E8-45BA-8C93-BD4DF1350331}.Release|x64.ActiveCfg = Release|x64
		{2D67A497-F4E8-45BA-8C93-BD4DF1350331}.Release|x64.Build.0 = Release|x64
		{2D67A497-F4E8-45BA-8C93-BD4DF1350331}.Release|x86.ActiveCfg = Release|Win32
		{2D67A497-F4E8-45BA-8C93-BD4DF1350331}.Release|x86.Build.0 = Release|Win32
	EndGlobalSection
	GlobalSection(SolutionProperties) = preSolution
		HideSolutionNode = FALSE
	EndGlobalSection
EndGlobal
