
Microsoft Visual Studio Solution File, Format Version 12.00
# Visual Studio Version 17
VisualStudioVersion = 17.12.35527.113
MinimumVisualStudioVersion = 10.0.40219.1
Project("{8BC9CEB8-8B4A-11D0-8D11-00A0C91BC942}") = "1.BubbleSort", "1.BubbleSort\1.BubbleSort.vcxproj", "{AB2A0BD1-2C92-4FD8-8075-8616488B9D2F}"
EndProject
Project("{8BC9CEB8-8B4A-11D0-8D11-00A0C91BC942}") = "2.SelectionSort", "2.SelectionSort\2.SelectionSort.vcxproj", "{B0B7EE8A-DDA0-4758-A236-71DAAF4A616D}"
EndProject
Project("{8BC9CEB8-8B4A-11D0-8D11-00A0C91BC942}") = "3.InsertionSort", "3.InsertionSort\3.InsertionSort.vcxproj", "{0CF1C9FE-9424-4602-A71A-06CF95F3807C}"
EndProject
Project("{8BC9CEB8-8B4A-11D0-8D11-00A0C91BC942}") = "4.QuickSort", "4.QuickSort\4.QuickSort.vcxproj", "{3545FE1B-5C54-4A58-A89A-B670E82D5255}"
EndProject
Project("{8BC9CEB8-8B4A-11D0-8D11-00A0C91BC942}") = "5.MergeSort", "5.MergeSort\5.MergeSort.vcxproj", "{BB068F4B-C2C5-4459-91C8-924ABF9CDAF2}"
EndProject
Project("{8BC9CEB8-8B4A-11D0-8D11-00A0C91BC942}") = "6.HeapSort", "6.HeapSort\6.HeapSort.vcxproj", "{8FDECB41-37CC-4F02-9480-D20D7DFA8F1E}"
EndProject
Project("{8BC9CEB8-8B4A-11D0-8D11-00A0C91BC942}") = "7.DFS", "7.DFS\7.DFS.vcxproj", "{619BBAEE-7E34-44FC-901A-0F5B969842C6}"
EndProject
Global
	GlobalSection(SolutionConfigurationPlatforms) = preSolution
		Debug|x64 = Debug|x64
		Debug|x86 = Debug|x86
		Release|x64 = Release|x64
		Release|x86 = Release|x86
	EndGlobalSection
	GlobalSection(ProjectConfigurationPlatforms) = postSolution
		{AB2A0BD1-2C92-4FD8-8075-8616488B9D2F}.Debug|x64.ActiveCfg = Debug|x64
		{AB2A0BD1-2C92-4FD8-8075-8616488B9D2F}.Debug|x64.Build.0 = Debug|x64
		{AB2A0BD1-2C92-4FD8-8075-8616488B9D2F}.Debug|x86.ActiveCfg = Debug|Win32
		{AB2A0BD1-2C92-4FD8-8075-8616488B9D2F}.Debug|x86.Build.0 = Debug|Win32
		{AB2A0BD1-2C92-4FD8-8075-8616488B9D2F}.Release|x64.ActiveCfg = Release|x64
		{AB2A0BD1-2C92-4FD8-8075-8616488B9D2F}.Release|x64.Build.0 = Release|x64
		{AB2A0BD1-2C92-4FD8-8075-8616488B9D2F}.Release|x86.ActiveCfg = Release|Win32
		{AB2A0BD1-2C92-4FD8-8075-8616488B9D2F}.Release|x86.Build.0 = Release|Win32
		{B0B7EE8A-DDA0-4758-A236-71DAAF4A616D}.Debug|x64.ActiveCfg = Debug|x64
		{B0B7EE8A-DDA0-4758-A236-71DAAF4A616D}.Debug|x64.Build.0 = Debug|x64
		{B0B7EE8A-DDA0-4758-A236-71DAAF4A616D}.Debug|x86.ActiveCfg = Debug|Win32
		{B0B7EE8A-DDA0-4758-A236-71DAAF4A616D}.Debug|x86.Build.0 = Debug|Win32
		{B0B7EE8A-DDA0-4758-A236-71DAAF4A616D}.Release|x64.ActiveCfg = Release|x64
		{B0B7EE8A-DDA0-4758-A236-71DAAF4A616D}.Release|x64.Build.0 = Release|x64
		{B0B7EE8A-DDA0-4758-A236-71DAAF4A616D}.Release|x86.ActiveCfg = Release|Win32
		{B0B7EE8A-DDA0-4758-A236-71DAAF4A616D}.Release|x86.Build.0 = Release|Win32
		{0CF1C9FE-9424-4602-A71A-06CF95F3807C}.Debug|x64.ActiveCfg = Debug|x64
		{0CF1C9FE-9424-4602-A71A-06CF95F3807C}.Debug|x64.Build.0 = Debug|x64
		{0CF1C9FE-9424-4602-A71A-06CF95F3807C}.Debug|x86.ActiveCfg = Debug|Win32
		{0CF1C9FE-9424-4602-A71A-06CF95F3807C}.Debug|x86.Build.0 = Debug|Win32
		{0CF1C9FE-9424-4602-A71A-06CF95F3807C}.Release|x64.ActiveCfg = Release|x64
		{0CF1C9FE-9424-4602-A71A-06CF95F3807C}.Release|x64.Build.0 = Release|x64
		{0CF1C9FE-9424-4602-A71A-06CF95F3807C}.Release|x86.ActiveCfg = Release|Win32
		{0CF1C9FE-9424-4602-A71A-06CF95F3807C}.Release|x86.Build.0 = Release|Win32
		{3545FE1B-5C54-4A58-A89A-B670E82D5255}.Debug|x64.ActiveCfg = Debug|x64
		{3545FE1B-5C54-4A58-A89A-B670E82D5255}.Debug|x64.Build.0 = Debug|x64
		{3545FE1B-5C54-4A58-A89A-B670E82D5255}.Debug|x86.ActiveCfg = Debug|Win32
		{3545FE1B-5C54-4A58-A89A-B670E82D5255}.Debug|x86.Build.0 = Debug|Win32
		{3545FE1B-5C54-4A58-A89A-B670E82D5255}.Release|x64.ActiveCfg = Release|x64
		{3545FE1B-5C54-4A58-A89A-B670E82D5255}.Release|x64.Build.0 = Release|x64
		{3545FE1B-5C54-4A58-A89A-B670E82D5255}.Release|x86.ActiveCfg = Release|Win32
		{3545FE1B-5C54-4A58-A89A-B670E82D5255}.Release|x86.Build.0 = Release|Win32
		{BB068F4B-C2C5-4459-91C8-924ABF9CDAF2}.Debug|x64.ActiveCfg = Debug|x64
		{BB068F4B-C2C5-4459-91C8-924ABF9CDAF2}.Debug|x64.Build.0 = Debug|x64
		{BB068F4B-C2C5-4459-91C8-924ABF9CDAF2}.Debug|x86.ActiveCfg = Debug|Win32
		{BB068F4B-C2C5-4459-91C8-924ABF9CDAF2}.Debug|x86.Build.0 = Debug|Win32
		{BB068F4B-C2C5-4459-91C8-924ABF9CDAF2}.Release|x64.ActiveCfg = Release|x64
		{BB068F4B-C2C5-4459-91C8-924ABF9CDAF2}.Release|x64.Build.0 = Release|x64
		{BB068F4B-C2C5-4459-91C8-924ABF9CDAF2}.Release|x86.ActiveCfg = Release|Win32
		{BB068F4B-C2C5-4459-91C8-924ABF9CDAF2}.Release|x86.Build.0 = Release|Win32
		{8FDECB41-37CC-4F02-9480-D20D7DFA8F1E}.Debug|x64.ActiveCfg = Debug|x64
		{8FDECB41-37CC-4F02-9480-D20D7DFA8F1E}.Debug|x64.Build.0 = Debug|x64
		{8FDECB41-37CC-4F02-9480-D20D7DFA8F1E}.Debug|x86.ActiveCfg = Debug|Win32
		{8FDECB41-37CC-4F02-9480-D20D7DFA8F1E}.Debug|x86.Build.0 = Debug|Win32
		{8FDECB41-37CC-4F02-9480-D20D7DFA8F1E}.Release|x64.ActiveCfg = Release|x64
		{8FDECB41-37CC-4F02-9480-D20D7DFA8F1E}.Release|x64.Build.0 = Release|x64
		{8FDECB41-37CC-4F02-9480-D20D7DFA8F1E}.Release|x86.ActiveCfg = Release|Win32
		{8FDECB41-37CC-4F02-9480-D20D7DFA8F1E}.Release|x86.Build.0 = Release|Win32
		{619BBAEE-7E34-44FC-901A-0F5B969842C6}.Debug|x64.ActiveCfg = Debug|x64
		{619BBAEE-7E34-44FC-901A-0F5B969842C6}.Debug|x64.Build.0 = Debug|x64
		{619BBAEE-7E34-44FC-901A-0F5B969842C6}.Debug|x86.ActiveCfg = Debug|Win32
		{619BBAEE-7E34-44FC-901A-0F5B969842C6}.Debug|x86.Build.0 = Debug|Win32
		{619BBAEE-7E34-44FC-901A-0F5B969842C6}.Release|x64.ActiveCfg = Release|x64
		{619BBAEE-7E34-44FC-901A-0F5B969842C6}.Release|x64.Build.0 = Release|x64
		{619BBAEE-7E34-44FC-901A-0F5B969842C6}.Release|x86.ActiveCfg = Release|Win32
		{619BBAEE-7E34-44FC-901A-0F5B969842C6}.Release|x86.Build.0 = Release|Win32
	EndGlobalSection
	GlobalSection(SolutionProperties) = preSolution
		HideSolutionNode = FALSE
	EndGlobalSection
EndGlobal
