
Microsoft Visual Studio Solution File, Format Version 12.00
# Visual Studio Version 17
VisualStudioVersion = 17.12.35527.113 d17.12
MinimumVisualStudioVersion = 10.0.40219.1
Project("{8BC9CEB8-8B4A-11D0-8D11-00A0C91BC942}") = "Demo", "Demo\Demo.vcxproj", "{265B28E9-2BD3-44F1-80A6-DC11A98A3FAE}"
EndProject
Project("{8BC9CEB8-8B4A-11D0-8D11-00A0C91BC942}") = "IsA", "IsA\IsA.vcxproj", "{52A28A58-D74E-4C08-B734-B8E134B5D989}"
EndProject
Project("{8BC9CEB8-8B4A-11D0-8D11-00A0C91BC942}") = "HasA", "HasA\HasA.vcxproj", "{59126DF3-738B-4B8D-8FE7-BB57CCA0F8A4}"
EndProject
Project("{8BC9CEB8-8B4A-11D0-8D11-00A0C91BC942}") = "VirtualFunction", "VirtualFunction\VirtualFunction.vcxproj", "{A6CA7E4F-AFBB-4745-9097-4F96A2566AF3}"
EndProject
Project("{8BC9CEB8-8B4A-11D0-8D11-00A0C91BC942}") = "OperatorOverloading", "OperatorOverloading\OperatorOverloading.vcxproj", "{22BB5CED-0399-467A-9779-35FEA88E7CEE}"
EndProject
Global
	GlobalSection(SolutionConfigurationPlatforms) = preSolution
		Debug|x64 = Debug|x64
		Debug|x86 = Debug|x86
		Release|x64 = Release|x64
		Release|x86 = Release|x86
	EndGlobalSection
	GlobalSection(ProjectConfigurationPlatforms) = postSolution
		{265B28E9-2BD3-44F1-80A6-DC11A98A3FAE}.Debug|x64.ActiveCfg = Debug|x64
		{265B28E9-2BD3-44F1-80A6-DC11A98A3FAE}.Debug|x64.Build.0 = Debug|x64
		{265B28E9-2BD3-44F1-80A6-DC11A98A3FAE}.Debug|x86.ActiveCfg = Debug|Win32
		{265B28E9-2BD3-44F1-80A6-DC11A98A3FAE}.Debug|x86.Build.0 = Debug|Win32
		{265B28E9-2BD3-44F1-80A6-DC11A98A3FAE}.Release|x64.ActiveCfg = Release|x64
		{265B28E9-2BD3-44F1-80A6-DC11A98A3FAE}.Release|x64.Build.0 = Release|x64
		{265B28E9-2BD3-44F1-80A6-DC11A98A3FAE}.Release|x86.ActiveCfg = Release|Win32
		{265B28E9-2BD3-44F1-80A6-DC11A98A3FAE}.Release|x86.Build.0 = Release|Win32
		{52A28A58-D74E-4C08-B734-B8E134B5D989}.Debug|x64.ActiveCfg = Debug|x64
		{52A28A58-D74E-4C08-B734-B8E134B5D989}.Debug|x64.Build.0 = Debug|x64
		{52A28A58-D74E-4C08-B734-B8E134B5D989}.Debug|x86.ActiveCfg = Debug|Win32
		{52A28A58-D74E-4C08-B734-B8E134B5D989}.Debug|x86.Build.0 = Debug|Win32
		{52A28A58-D74E-4C08-B734-B8E134B5D989}.Release|x64.ActiveCfg = Release|x64
		{52A28A58-D74E-4C08-B734-B8E134B5D989}.Release|x64.Build.0 = Release|x64
		{52A28A58-D74E-4C08-B734-B8E134B5D989}.Release|x86.ActiveCfg = Release|Win32
		{52A28A58-D74E-4C08-B734-B8E134B5D989}.Release|x86.Build.0 = Release|Win32
		{59126DF3-738B-4B8D-8FE7-BB57CCA0F8A4}.Debug|x64.ActiveCfg = Debug|x64
		{59126DF3-738B-4B8D-8FE7-BB57CCA0F8A4}.Debug|x64.Build.0 = Debug|x64
		{59126DF3-738B-4B8D-8FE7-BB57CCA0F8A4}.Debug|x86.ActiveCfg = Debug|Win32
		{59126DF3-738B-4B8D-8FE7-BB57CCA0F8A4}.Debug|x86.Build.0 = Debug|Win32
		{59126DF3-738B-4B8D-8FE7-BB57CCA0F8A4}.Release|x64.ActiveCfg = Release|x64
		{59126DF3-738B-4B8D-8FE7-BB57CCA0F8A4}.Release|x64.Build.0 = Release|x64
		{59126DF3-738B-4B8D-8FE7-BB57CCA0F8A4}.Release|x86.ActiveCfg = Release|Win32
		{59126DF3-738B-4B8D-8FE7-BB57CCA0F8A4}.Release|x86.Build.0 = Release|Win32
		{A6CA7E4F-AFBB-4745-9097-4F96A2566AF3}.Debug|x64.ActiveCfg = Debug|x64
		{A6CA7E4F-AFBB-4745-9097-4F96A2566AF3}.Debug|x64.Build.0 = Debug|x64
		{A6CA7E4F-AFBB-4745-9097-4F96A2566AF3}.Debug|x86.ActiveCfg = Debug|Win32
		{A6CA7E4F-AFBB-4745-9097-4F96A2566AF3}.Debug|x86.Build.0 = Debug|Win32
		{A6CA7E4F-AFBB-4745-9097-4F96A2566AF3}.Release|x64.ActiveCfg = Release|x64
		{A6CA7E4F-AFBB-4745-9097-4F96A2566AF3}.Release|x64.Build.0 = Release|x64
		{A6CA7E4F-AFBB-4745-9097-4F96A2566AF3}.Release|x86.ActiveCfg = Release|Win32
		{A6CA7E4F-AFBB-4745-9097-4F96A2566AF3}.Release|x86.Build.0 = Release|Win32
		{22BB5CED-0399-467A-9779-35FEA88E7CEE}.Debug|x64.ActiveCfg = Debug|x64
		{22BB5CED-0399-467A-9779-35FEA88E7CEE}.Debug|x64.Build.0 = Debug|x64
		{22BB5CED-0399-467A-9779-35FEA88E7CEE}.Debug|x86.ActiveCfg = Debug|Win32
		{22BB5CED-0399-467A-9779-35FEA88E7CEE}.Debug|x86.Build.0 = Debug|Win32
		{22BB5CED-0399-467A-9779-35FEA88E7CEE}.Release|x64.ActiveCfg = Release|x64
		{22BB5CED-0399-467A-9779-35FEA88E7CEE}.Release|x64.Build.0 = Release|x64
		{22BB5CED-0399-467A-9779-35FEA88E7CEE}.Release|x86.ActiveCfg = Release|Win32
		{22BB5CED-0399-467A-9779-35FEA88E7CEE}.Release|x86.Build.0 = Release|Win32
	EndGlobalSection
	GlobalSection(SolutionProperties) = preSolution
		HideSolutionNode = FALSE
	EndGlobalSection
EndGlobal
