Microsoft Visual Studio Solution File, Format Version 12.00
# Visual Studio Version 17
VisualStudioVersion = 17.11.35312.102
MinimumVisualStudioVersion = 10.0.40219.1
Project("{8BC9CEB8-8B4A-11D0-8D11-00A0C91BC942}") = "LevelTest", "LevelTest\LevelTest.vcxproj", "{E6F5183D-1393-4BDF-B81B-2A8C5A53DB24}"
EndProject
Project("{8BC9CEB8-8B4A-11D0-8D11-00A0C91BC942}") = "Practice1-1", "Practice1-1\Practice1-1.vcxproj", "{EB0A101E-4ED9-44FF-8644-DFDEA3793966}"
EndProject
Project("{8BC9CEB8-8B4A-11D0-8D11-00A0C91BC942}") = "Practice1-2", "Practice1-2\Practice1-2.vcxproj", "{0DD5AA38-BDE1-4639-BF80-9E09C0927F16}"
EndProject
Project("{8BC9CEB8-8B4A-11D0-8D11-00A0C91BC942}") = "Practice1-3", "Practice1-3\Practice1-3.vcxproj", "{208C17A0-D323-422F-9B4C-8276FDB7C9F0}"
EndProject
Project("{8BC9CEB8-8B4A-11D0-8D11-00A0C91BC942}") = "Practice1-4", "Practice1-4\Practice1-4.vcxproj", "{B04DC15D-FA0F-48A3-A341-FCCB6DCB98DD}"
EndProject
Project("{8BC9CEB8-8B4A-11D0-8D11-00A0C91BC942}") = "Practice2-1", "Practice2-1\Practice2-1.vcxproj", "{D0A974A3-33C6-415C-ADF4-8080E956D7CE}"
EndProject
Project("{8BC9CEB8-8B4A-11D0-8D11-00A0C91BC942}") = "Project1", "Project1\Project1.vcxproj", "{874943DE-1C05-4E1B-A469-1EBB0ED25674}"
EndProject
Project("{8BC9CEB8-8B4A-11D0-8D11-00A0C91BC942}") = "Practice3-1", "Practice3-1\Practice3-1.vcxproj", "{BC87D0EF-8078-4FC4-BD6B-E37ED9B8E6F0}"
EndProject
Project("{8BC9CEB8-8B4A-11D0-8D11-00A0C91BC942}") = "Project2", "Project2\Project2.vcxproj", "{0FE1EA70-B87E-4153-8B09-07D421C4A558}"
EndProject
Project("{8BC9CEB8-8B4A-11D0-8D11-00A0C91BC942}") = "Practice4-1", "Practice4-1\Practice4-1.vcxproj", "{F113FAB5-4FAF-47F2-B91F-8A51276768A6}"
EndProject
Project("{8BC9CEB8-8B4A-11D0-8D11-00A0C91BC942}") = "Practice5-1", "Practice5-1\Practice5-1.vcxproj", "{7E75A76D-5986-42FD-B94A-ADF5B8AEC6B8}"
EndProject
Project("{8BC9CEB8-8B4A-11D0-8D11-00A0C91BC942}") = "Practice5-2", "Practice5-2\Practice5-2.vcxproj", "{BFDC2958-13D0-4834-8830-7CFB8F5276BD}"
EndProject
Project("{8BC9CEB8-8B4A-11D0-8D11-00A0C91BC942}") = "Project3", "Project3\Project3.vcxproj", "{A07BD1CA-C5C6-4D11-9ACC-42F75BB71224}"
EndProject
Project("{8BC9CEB8-8B4A-11D0-8D11-00A0C91BC942}") = "Practice6-1", "Practice6-1\Practice6-1.vcxproj", "{2780B1D8-B961-4AE3-AB98-92EFE53FF0B6}"
EndProject
Project("{8BC9CEB8-8B4A-11D0-8D11-00A0C91BC942}") = "Practice6-2", "Practice6-2\Practice6-2.vcxproj", "{31044217-7EAB-4855-A0F6-0D61FD24F4BC}"
EndProject
Project("{8BC9CEB8-8B4A-11D0-8D11-00A0C91BC942}") = "Practice6-3", "Practice6-3\Practice6-3.vcxproj", "{DD7A4C0B-4C96-4905-9208-21048154819C}"
EndProject
Project("{8BC9CEB8-8B4A-11D0-8D11-00A0C91BC942}") = "ProjectString", "ProjectString\ProjectString.vcxproj", "{BAFA9DD1-9711-4F5B-BB22-48FCB6B38287}"
EndProject
Project("{8BC9CEB8-8B4A-11D0-8D11-00A0C91BC942}") = "Project4", "Project4\Project4.vcxproj", "{AF93DCB7-8FA6-4361-BF82-76544BB9A06D}"
EndProject
Global
	GlobalSection(SolutionConfigurationPlatforms) = preSolution
		Debug|x64 = Debug|x64
		Debug|x86 = Debug|x86
		Release|x64 = Release|x64
		Release|x86 = Release|x86
	EndGlobalSection
	GlobalSection(ProjectConfigurationPlatforms) = postSolution
		{E6F5183D-1393-4BDF-B81B-2A8C5A53DB24}.Debug|x64.ActiveCfg = Debug|x64
		{E6F5183D-1393-4BDF-B81B-2A8C5A53DB24}.Debug|x64.Build.0 = Debug|x64
		{E6F5183D-1393-4BDF-B81B-2A8C5A53DB24}.Debug|x86.ActiveCfg = Debug|Win32
		{E6F5183D-1393-4BDF-B81B-2A8C5A53DB24}.Debug|x86.Build.0 = Debug|Win32
		{E6F5183D-1393-4BDF-B81B-2A8C5A53DB24}.Release|x64.ActiveCfg = Release|x64
		{E6F5183D-1393-4BDF-B81B-2A8C5A53DB24}.Release|x64.Build.0 = Release|x64
		{E6F5183D-1393-4BDF-B81B-2A8C5A53DB24}.Release|x86.ActiveCfg = Release|Win32
		{E6F5183D-1393-4BDF-B81B-2A8C5A53DB24}.Release|x86.Build.0 = Release|Win32
		{EB0A101E-4ED9-44FF-8644-DFDEA3793966}.Debug|x64.ActiveCfg = Debug|x64
		{EB0A101E-4ED9-44FF-8644-DFDEA3793966}.Debug|x64.Build.0 = Debug|x64
		{EB0A101E-4ED9-44FF-8644-DFDEA3793966}.Debug|x86.ActiveCfg = Debug|Win32
		{EB0A101E-4ED9-44FF-8644-DFDEA3793966}.Debug|x86.Build.0 = Debug|Win32
		{EB0A101E-4ED9-44FF-8644-DFDEA3793966}.Release|x64.ActiveCfg = Release|x64
		{EB0A101E-4ED9-44FF-8644-DFDEA3793966}.Release|x64.Build.0 = Release|x64
		{EB0A101E-4ED9-44FF-8644-DFDEA3793966}.Release|x86.ActiveCfg = Release|Win32
		{EB0A101E-4ED9-44FF-8644-DFDEA3793966}.Release|x86.Build.0 = Release|Win32
		{0DD5AA38-BDE1-4639-BF80-9E09C0927F16}.Debug|x64.ActiveCfg = Debug|x64
		{0DD5AA38-BDE1-4639-BF80-9E09C0927F16}.Debug|x64.Build.0 = Debug|x64
		{0DD5AA38-BDE1-4639-BF80-9E09C0927F16}.Debug|x86.ActiveCfg = Debug|Win32
		{0DD5AA38-BDE1-4639-BF80-9E09C0927F16}.Debug|x86.Build.0 = Debug|Win32
		{0DD5AA38-BDE1-4639-BF80-9E09C0927F16}.Release|x64.ActiveCfg = Release|x64
		{0DD5AA38-BDE1-4639-BF80-9E09C0927F16}.Release|x64.Build.0 = Release|x64
		{0DD5AA38-BDE1-4639-BF80-9E09C0927F16}.Release|x86.ActiveCfg = Release|Win32
		{0DD5AA38-BDE1-4639-BF80-9E09C0927F16}.Release|x86.Build.0 = Release|Win32
		{208C17A0-D323-422F-9B4C-8276FDB7C9F0}.Debug|x64.ActiveCfg = Debug|x64
		{208C17A0-D323-422F-9B4C-8276FDB7C9F0}.Debug|x64.Build.0 = Debug|x64
		{208C17A0-D323-422F-9B4C-8276FDB7C9F0}.Debug|x86.ActiveCfg = Debug|Win32
		{208C17A0-D323-422F-9B4C-8276FDB7C9F0}.Debug|x86.Build.0 = Debug|Win32
		{208C17A0-D323-422F-9B4C-8276FDB7C9F0}.Release|x64.ActiveCfg = Release|x64
		{208C17A0-D323-422F-9B4C-8276FDB7C9F0}.Release|x64.Build.0 = Release|x64
		{208C17A0-D323-422F-9B4C-8276FDB7C9F0}.Release|x86.ActiveCfg = Release|Win32
		{208C17A0-D323-422F-9B4C-8276FDB7C9F0}.Release|x86.Build.0 = Release|Win32
		{B04DC15D-FA0F-48A3-A341-FCCB6DCB98DD}.Debug|x64.ActiveCfg = Debug|x64
		{B04DC15D-FA0F-48A3-A341-FCCB6DCB98DD}.Debug|x64.Build.0 = Debug|x64
		{B04DC15D-FA0F-48A3-A341-FCCB6DCB98DD}.Debug|x86.ActiveCfg = Debug|Win32
		{B04DC15D-FA0F-48A3-A341-FCCB6DCB98DD}.Debug|x86.Build.0 = Debug|Win32
		{B04DC15D-FA0F-48A3-A341-FCCB6DCB98DD}.Release|x64.ActiveCfg = Release|x64
		{B04DC15D-FA0F-48A3-A341-FCCB6DCB98DD}.Release|x64.Build.0 = Release|x64
		{B04DC15D-FA0F-48A3-A341-FCCB6DCB98DD}.Release|x86.ActiveCfg = Release|Win32
		{B04DC15D-FA0F-48A3-A341-FCCB6DCB98DD}.Release|x86.Build.0 = Release|Win32
		{D0A974A3-33C6-415C-ADF4-8080E956D7CE}.Debug|x64.ActiveCfg = Debug|x64
		{D0A974A3-33C6-415C-ADF4-8080E956D7CE}.Debug|x64.Build.0 = Debug|x64
		{D0A974A3-33C6-415C-ADF4-8080E956D7CE}.Debug|x86.ActiveCfg = Debug|Win32
		{D0A974A3-33C6-415C-ADF4-8080E956D7CE}.Debug|x86.Build.0 = Debug|Win32
		{D0A974A3-33C6-415C-ADF4-8080E956D7CE}.Release|x64.ActiveCfg = Release|x64
		{D0A974A3-33C6-415C-ADF4-8080E956D7CE}.Release|x64.Build.0 = Release|x64
		{D0A974A3-33C6-415C-ADF4-8080E956D7CE}.Release|x86.ActiveCfg = Release|Win32
		{D0A974A3-33C6-415C-ADF4-8080E956D7CE}.Release|x86.Build.0 = Release|Win32
		{874943DE-1C05-4E1B-A469-1EBB0ED25674}.Debug|x64.ActiveCfg = Debug|x64
		{874943DE-1C05-4E1B-A469-1EBB0ED25674}.Debug|x64.Build.0 = Debug|x64
		{874943DE-1C05-4E1B-A469-1EBB0ED25674}.Debug|x86.ActiveCfg = Debug|Win32
		{874943DE-1C05-4E1B-A469-1EBB0ED25674}.Debug|x86.Build.0 = Debug|Win32
		{874943DE-1C05-4E1B-A469-1EBB0ED25674}.Release|x64.ActiveCfg = Release|x64
		{874943DE-1C05-4E1B-A469-1EBB0ED25674}.Release|x64.Build.0 = Release|x64
		{874943DE-1C05-4E1B-A469-1EBB0ED25674}.Release|x86.ActiveCfg = Release|Win32
		{874943DE-1C05-4E1B-A469-1EBB0ED25674}.Release|x86.Build.0 = Release|Win32
		{BC87D0EF-8078-4FC4-BD6B-E37ED9B8E6F0}.Debug|x64.ActiveCfg = Debug|x64
		{BC87D0EF-8078-4FC4-BD6B-E37ED9B8E6F0}.Debug|x64.Build.0 = Debug|x64
		{BC87D0EF-8078-4FC4-BD6B-E37ED9B8E6F0}.Debug|x86.ActiveCfg = Debug|Win32
		{BC87D0EF-8078-4FC4-BD6B-E37ED9B8E6F0}.Debug|x86.Build.0 = Debug|Win32
		{BC87D0EF-8078-4FC4-BD6B-E37ED9B8E6F0}.Release|x64.ActiveCfg = Release|x64
		{BC87D0EF-8078-4FC4-BD6B-E37ED9B8E6F0}.Release|x64.Build.0 = Release|x64
		{BC87D0EF-8078-4FC4-BD6B-E37ED9B8E6F0}.Release|x86.ActiveCfg = Release|Win32
		{BC87D0EF-8078-4FC4-BD6B-E37ED9B8E6F0}.Release|x86.Build.0 = Release|Win32
		{0FE1EA70-B87E-4153-8B09-07D421C4A558}.Debug|x64.ActiveCfg = Debug|x64
		{0FE1EA70-B87E-4153-8B09-07D421C4A558}.Debug|x64.Build.0 = Debug|x64
		{0FE1EA70-B87E-4153-8B09-07D421C4A558}.Debug|x86.ActiveCfg = Debug|Win32
		{0FE1EA70-B87E-4153-8B09-07D421C4A558}.Debug|x86.Build.0 = Debug|Win32
		{0FE1EA70-B87E-4153-8B09-07D421C4A558}.Release|x64.ActiveCfg = Release|x64
		{0FE1EA70-B87E-4153-8B09-07D421C4A558}.Release|x64.Build.0 = Release|x64
		{0FE1EA70-B87E-4153-8B09-07D421C4A558}.Release|x86.ActiveCfg = Release|Win32
		{0FE1EA70-B87E-4153-8B09-07D421C4A558}.Release|x86.Build.0 = Release|Win32
		{F113FAB5-4FAF-47F2-B91F-8A51276768A6}.Debug|x64.ActiveCfg = Debug|x64
		{F113FAB5-4FAF-47F2-B91F-8A51276768A6}.Debug|x64.Build.0 = Debug|x64
		{F113FAB5-4FAF-47F2-B91F-8A51276768A6}.Debug|x86.ActiveCfg = Debug|Win32
		{F113FAB5-4FAF-47F2-B91F-8A51276768A6}.Debug|x86.Build.0 = Debug|Win32
		{F113FAB5-4FAF-47F2-B91F-8A51276768A6}.Release|x64.ActiveCfg = Release|x64
		{F113FAB5-4FAF-47F2-B91F-8A51276768A6}.Release|x64.Build.0 = Release|x64
		{F113FAB5-4FAF-47F2-B91F-8A51276768A6}.Release|x86.ActiveCfg = Release|Win32
		{F113FAB5-4FAF-47F2-B91F-8A51276768A6}.Release|x86.Build.0 = Release|Win32
		{7E75A76D-5986-42FD-B94A-ADF5B8AEC6B8}.Debug|x64.ActiveCfg = Debug|x64
		{7E75A76D-5986-42FD-B94A-ADF5B8AEC6B8}.Debug|x64.Build.0 = Debug|x64
		{7E75A76D-5986-42FD-B94A-ADF5B8AEC6B8}.Debug|x86.ActiveCfg = Debug|Win32
		{7E75A76D-5986-42FD-B94A-ADF5B8AEC6B8}.Debug|x86.Build.0 = Debug|Win32
		{7E75A76D-5986-42FD-B94A-ADF5B8AEC6B8}.Release|x64.ActiveCfg = Release|x64
		{7E75A76D-5986-42FD-B94A-ADF5B8AEC6B8}.Release|x64.Build.0 = Release|x64
		{7E75A76D-5986-42FD-B94A-ADF5B8AEC6B8}.Release|x86.ActiveCfg = Release|Win32
		{7E75A76D-5986-42FD-B94A-ADF5B8AEC6B8}.Release|x86.Build.0 = Release|Win32
		{BFDC2958-13D0-4834-8830-7CFB8F5276BD}.Debug|x64.ActiveCfg = Debug|x64
		{BFDC2958-13D0-4834-8830-7CFB8F5276BD}.Debug|x64.Build.0 = Debug|x64
		{BFDC2958-13D0-4834-8830-7CFB8F5276BD}.Debug|x86.ActiveCfg = Debug|Win32
		{BFDC2958-13D0-4834-8830-7CFB8F5276BD}.Debug|x86.Build.0 = Debug|Win32
		{BFDC2958-13D0-4834-8830-7CFB8F5276BD}.Release|x64.ActiveCfg = Release|x64
		{BFDC2958-13D0-4834-8830-7CFB8F5276BD}.Release|x64.Build.0 = Release|x64
		{BFDC2958-13D0-4834-8830-7CFB8F5276BD}.Release|x86.ActiveCfg = Release|Win32
		{BFDC2958-13D0-4834-8830-7CFB8F5276BD}.Release|x86.Build.0 = Release|Win32
		{A07BD1CA-C5C6-4D11-9ACC-42F75BB71224}.Debug|x64.ActiveCfg = Debug|x64
		{A07BD1CA-C5C6-4D11-9ACC-42F75BB71224}.Debug|x64.Build.0 = Debug|x64
		{A07BD1CA-C5C6-4D11-9ACC-42F75BB71224}.Debug|x86.ActiveCfg = Debug|Win32
		{A07BD1CA-C5C6-4D11-9ACC-42F75BB71224}.Debug|x86.Build.0 = Debug|Win32
		{A07BD1CA-C5C6-4D11-9ACC-42F75BB71224}.Release|x64.ActiveCfg = Release|x64
		{A07BD1CA-C5C6-4D11-9ACC-42F75BB71224}.Release|x64.Build.0 = Release|x64
		{A07BD1CA-C5C6-4D11-9ACC-42F75BB71224}.Release|x86.ActiveCfg = Release|Win32
		{A07BD1CA-C5C6-4D11-9ACC-42F75BB71224}.Release|x86.Build.0 = Release|Win32
		{2780B1D8-B961-4AE3-AB98-92EFE53FF0B6}.Debug|x64.ActiveCfg = Debug|x64
		{2780B1D8-B961-4AE3-AB98-92EFE53FF0B6}.Debug|x64.Build.0 = Debug|x64
		{2780B1D8-B961-4AE3-AB98-92EFE53FF0B6}.Debug|x86.ActiveCfg = Debug|Win32
		{2780B1D8-B961-4AE3-AB98-92EFE53FF0B6}.Debug|x86.Build.0 = Debug|Win32
		{2780B1D8-B961-4AE3-AB98-92EFE53FF0B6}.Release|x64.ActiveCfg = Release|x64
		{2780B1D8-B961-4AE3-AB98-92EFE53FF0B6}.Release|x64.Build.0 = Release|x64
		{2780B1D8-B961-4AE3-AB98-92EFE53FF0B6}.Release|x86.ActiveCfg = Release|Win32
		{2780B1D8-B961-4AE3-AB98-92EFE53FF0B6}.Release|x86.Build.0 = Release|Win32
		{31044217-7EAB-4855-A0F6-0D61FD24F4BC}.Debug|x64.ActiveCfg = Debug|x64
		{31044217-7EAB-4855-A0F6-0D61FD24F4BC}.Debug|x64.Build.0 = Debug|x64
		{31044217-7EAB-4855-A0F6-0D61FD24F4BC}.Debug|x86.ActiveCfg = Debug|Win32
		{31044217-7EAB-4855-A0F6-0D61FD24F4BC}.Debug|x86.Build.0 = Debug|Win32
		{31044217-7EAB-4855-A0F6-0D61FD24F4BC}.Release|x64.ActiveCfg = Release|x64
		{31044217-7EAB-4855-A0F6-0D61FD24F4BC}.Release|x64.Build.0 = Release|x64
		{31044217-7EAB-4855-A0F6-0D61FD24F4BC}.Release|x86.ActiveCfg = Release|Win32
		{31044217-7EAB-4855-A0F6-0D61FD24F4BC}.Release|x86.Build.0 = Release|Win32
		{DD7A4C0B-4C96-4905-9208-21048154819C}.Debug|x64.ActiveCfg = Debug|x64
		{DD7A4C0B-4C96-4905-9208-21048154819C}.Debug|x64.Build.0 = Debug|x64
		{DD7A4C0B-4C96-4905-9208-21048154819C}.Debug|x86.ActiveCfg = Debug|Win32
		{DD7A4C0B-4C96-4905-9208-21048154819C}.Debug|x86.Build.0 = Debug|Win32
		{DD7A4C0B-4C96-4905-9208-21048154819C}.Release|x64.ActiveCfg = Release|x64
		{DD7A4C0B-4C96-4905-9208-21048154819C}.Release|x64.Build.0 = Release|x64
		{DD7A4C0B-4C96-4905-9208-21048154819C}.Release|x86.ActiveCfg = Release|Win32
		{DD7A4C0B-4C96-4905-9208-21048154819C}.Release|x86.Build.0 = Release|Win32
		{BAFA9DD1-9711-4F5B-BB22-48FCB6B38287}.Debug|x64.ActiveCfg = Debug|x64
		{BAFA9DD1-9711-4F5B-BB22-48FCB6B38287}.Debug|x64.Build.0 = Debug|x64
		{BAFA9DD1-9711-4F5B-BB22-48FCB6B38287}.Debug|x86.ActiveCfg = Debug|Win32
		{BAFA9DD1-9711-4F5B-BB22-48FCB6B38287}.Debug|x86.Build.0 = Debug|Win32
		{BAFA9DD1-9711-4F5B-BB22-48FCB6B38287}.Release|x64.ActiveCfg = Release|x64
		{BAFA9DD1-9711-4F5B-BB22-48FCB6B38287}.Release|x64.Build.0 = Release|x64
		{BAFA9DD1-9711-4F5B-BB22-48FCB6B38287}.Release|x86.ActiveCfg = Release|Win32
		{BAFA9DD1-9711-4F5B-BB22-48FCB6B38287}.Release|x86.Build.0 = Release|Win32
		{AF93DCB7-8FA6-4361-BF82-76544BB9A06D}.Debug|x64.ActiveCfg = Debug|x64
		{AF93DCB7-8FA6-4361-BF82-76544BB9A06D}.Debug|x64.Build.0 = Debug|x64
		{AF93DCB7-8FA6-4361-BF82-76544BB9A06D}.Debug|x86.ActiveCfg = Debug|Win32
		{AF93DCB7-8FA6-4361-BF82-76544BB9A06D}.Debug|x86.Build.0 = Debug|Win32
		{AF93DCB7-8FA6-4361-BF82-76544BB9A06D}.Release|x64.ActiveCfg = Release|x64
		{AF93DCB7-8FA6-4361-BF82-76544BB9A06D}.Release|x64.Build.0 = Release|x64
		{AF93DCB7-8FA6-4361-BF82-76544BB9A06D}.Release|x86.ActiveCfg = Release|Win32
		{AF93DCB7-8FA6-4361-BF82-76544BB9A06D}.Release|x86.Build.0 = Release|Win32
	EndGlobalSection
	GlobalSection(SolutionProperties) = preSolution
		HideSolutionNode = FALSE
	EndGlobalSection
	GlobalSection(ExtensibilityGlobals) = postSolution
		SolutionGuid = {29CABD6A-FF85-43E0-A443-7AF59E492A3F}
	EndGlobalSection
EndGlobal
